
Microsoft Visual Studio Solution File, Format Version 12.00
# Visual Studio 15
VisualStudioVersion = 15.0.27130.2010
MinimumVisualStudioVersion = 10.0.40219.1
Project("{F2A71F9B-5D33-465A-A702-920D77279786}") = "TestFSharpConsole", "TestFSharpConsole\TestFSharpConsole.fsproj", "{6EE3EF5A-82D6-4283-BCC5-BFC3D485AF5C}"
EndProject
Global
	GlobalSection(SolutionConfigurationPlatforms) = preSolution
		Debug|Any CPU = Debug|Any CPU
		Release|Any CPU = Release|Any CPU
	EndGlobalSection
	GlobalSection(ProjectConfigurationPlatforms) = postSolution
		{6EE3EF5A-82D6-4283-BCC5-BFC3D485AF5C}.Debug|Any CPU.ActiveCfg = Debug|Any CPU
		{6EE3EF5A-82D6-4283-BCC5-BFC3D485AF5C}.Debug|Any CPU.Build.0 = Debug|Any CPU
		{6EE3EF5A-82D6-4283-BCC5-BFC3D485AF5C}.Release|Any CPU.ActiveCfg = Release|Any CPU
		{6EE3EF5A-82D6-4283-BCC5-BFC3D485AF5C}.Release|Any CPU.Build.0 = Release|Any CPU
	EndGlobalSection
	GlobalSection(SolutionProperties) = preSolution
		HideSolutionNode = FALSE
	EndGlobalSection
	GlobalSection(ExtensibilityGlobals) = postSolution
		SolutionGuid = {EB682599-93AC-4C3C-A95E-6CD90A1D989B}
	EndGlobalSection
EndGlobal
